
Microsoft Visual Studio Solution File, Format Version 12.00
# Visual Studio Version 16
VisualStudioVersion = 16.0.29709.97
MinimumVisualStudioVersion = 10.0.40219.1
Project("{9A19103F-16F7-4668-BE54-9A1E7A4F7556}") = "ReflectIt", "ReflectIt\ReflectIt.csproj", "{AAB61170-D63E-47E6-8E2D-AC3990AA26AE}"
EndProject
Project("{FAE04EC0-301F-11D3-BF4B-00C04F79EFBC}") = "ReflectIt.Test", "ReflectIt.Test\ReflectIt.Test.csproj", "{02CC68A0-AE35-46F7-B39C-5F87BDBCF845}"
EndProject
Global
	GlobalSection(SolutionConfigurationPlatforms) = preSolution
		Debug|Any CPU = Debug|Any CPU
		Release|Any CPU = Release|Any CPU
	EndGlobalSection
	GlobalSection(ProjectConfigurationPlatforms) = postSolution
		{AAB61170-D63E-47E6-8E2D-AC3990AA26AE}.Debug|Any CPU.ActiveCfg = Debug|Any CPU
		{AAB61170-D63E-47E6-8E2D-AC3990AA26AE}.Debug|Any CPU.Build.0 = Debug|Any CPU
		{AAB61170-D63E-47E6-8E2D-AC3990AA26AE}.Release|Any CPU.ActiveCfg = Release|Any CPU
		{AAB61170-D63E-47E6-8E2D-AC3990AA26AE}.Release|Any CPU.Build.0 = Release|Any CPU
		{02CC68A0-AE35-46F7-B39C-5F87BDBCF845}.Debug|Any CPU.ActiveCfg = Debug|Any CPU
		{02CC68A0-AE35-46F7-B39C-5F87BDBCF845}.Debug|Any CPU.Build.0 = Debug|Any CPU
		{02CC68A0-AE35-46F7-B39C-5F87BDBCF845}.Release|Any CPU.ActiveCfg = Release|Any CPU
		{02CC68A0-AE35-46F7-B39C-5F87BDBCF845}.Release|Any CPU.Build.0 = Release|Any CPU
	EndGlobalSection
	GlobalSection(SolutionProperties) = preSolution
		HideSolutionNode = FALSE
	EndGlobalSection
	GlobalSection(ExtensibilityGlobals) = postSolution
		SolutionGuid = {E8CE80E8-665C-42AA-94C7-B6F0A866AD04}
	EndGlobalSection
EndGlobal
